
Microsoft Visual Studio Solution File, Format Version 12.00
# Visual Studio Version 16
VisualStudioVersion = 16.0.29613.14
MinimumVisualStudioVersion = 10.0.40219.1
Project("{FAE04EC0-301F-11D3-BF4B-00C04F79EFBC}") = "Portable Firefox Updater", "Portable Firefox Updater.csproj", "{A743C6C3-F4BC-4952-8280-B39AF8640280}"
EndProject
Global
	GlobalSection(SolutionConfigurationPlatforms) = preSolution
		Debug|Any CPU = Debug|Any CPU
		Release|Any CPU = Release|Any CPU
	EndGlobalSection
	GlobalSection(ProjectConfigurationPlatforms) = postSolution
		{A743C6C3-F4BC-4952-8280-B39AF8640280}.Debug|Any CPU.ActiveCfg = Debug|Any CPU
		{A743C6C3-F4BC-4952-8280-B39AF8640280}.Debug|Any CPU.Build.0 = Debug|Any CPU
		{A743C6C3-F4BC-4952-8280-B39AF8640280}.Release|Any CPU.ActiveCfg = Release|Any CPU
		{A743C6C3-F4BC-4952-8280-B39AF8640280}.Release|Any CPU.Build.0 = Release|Any CPU
	EndGlobalSection
	GlobalSection(SolutionProperties) = preSolution
		HideSolutionNode = FALSE
	EndGlobalSection
	GlobalSection(ExtensibilityGlobals) = postSolution
		SolutionGuid = {08376248-71BB-4B3C-989B-6F16E246E0AF}
	EndGlobalSection
EndGlobal
